
Microsoft Visual Studio Solution File, Format Version 12.00
# Visual Studio 15
VisualStudioVersion = 15.0.28307.102
MinimumVisualStudioVersion = 10.0.40219.1
Project("{FAE04EC0-301F-11D3-BF4B-00C04F79EFBC}") = "Downloader", "Downloader\Downloader.csproj", "{F75D6FD6-1CE4-4B34-B160-C56220C6F5D6}"
EndProject
Project("{FAE04EC0-301F-11D3-BF4B-00C04F79EFBC}") = "UnitTestProject1", "UnitTestProject1\UnitTestProject1.csproj", "{71E16D4C-A898-4708-B3CE-355ECFE6C478}"
EndProject
Global
	GlobalSection(SolutionConfigurationPlatforms) = preSolution
		Debug|Any CPU = Debug|Any CPU
		Release|Any CPU = Release|Any CPU
	EndGlobalSection
	GlobalSection(ProjectConfigurationPlatforms) = postSolution
		{F75D6FD6-1CE4-4B34-B160-C56220C6F5D6}.Debug|Any CPU.ActiveCfg = Debug|Any CPU
		{F75D6FD6-1CE4-4B34-B160-C56220C6F5D6}.Debug|Any CPU.Build.0 = Debug|Any CPU
		{F75D6FD6-1CE4-4B34-B160-C56220C6F5D6}.Release|Any CPU.ActiveCfg = Release|Any CPU
		{F75D6FD6-1CE4-4B34-B160-C56220C6F5D6}.Release|Any CPU.Build.0 = Release|Any CPU
		{71E16D4C-A898-4708-B3CE-355ECFE6C478}.Debug|Any CPU.ActiveCfg = Debug|Any CPU
		{71E16D4C-A898-4708-B3CE-355ECFE6C478}.Debug|Any CPU.Build.0 = Debug|Any CPU
		{71E16D4C-A898-4708-B3CE-355ECFE6C478}.Release|Any CPU.ActiveCfg = Release|Any CPU
		{71E16D4C-A898-4708-B3CE-355ECFE6C478}.Release|Any CPU.Build.0 = Release|Any CPU
	EndGlobalSection
	GlobalSection(SolutionProperties) = preSolution
		HideSolutionNode = FALSE
	EndGlobalSection
	GlobalSection(ExtensibilityGlobals) = postSolution
		SolutionGuid = {6183F26E-C6CF-445E-A507-357593A4B4D7}
	EndGlobalSection
EndGlobal
